
Microsoft Visual Studio Solution File, Format Version 12.00
# Visual Studio 15
VisualStudioVersion = 15.0.28307.1525
MinimumVisualStudioVersion = 10.0.40219.1
Project("{8BC9CEB8-8B4A-11D0-8D11-00A0C91BC942}") = "httpserver", "二叉排序树\httpserver\httpserver.vcxproj", "{1C9FFBB0-D002-44FD-8ACD-93AFBB3B09CD}"
EndProject
Project("{8BC9CEB8-8B4A-11D0-8D11-00A0C91BC942}") = "二叉排序树", "二叉排序树\二叉排序树\二叉排序树.vcxproj", "{D4129FD1-8132-4F8F-A5CE-670F743088D0}"
EndProject
Project("{8BC9CEB8-8B4A-11D0-8D11-00A0C91BC942}") = "队列", "二叉排序树\队列\队列.vcxproj", "{6AD4D34E-0602-4615-A131-9FAE2AA68F36}"
EndProject
Project("{8BC9CEB8-8B4A-11D0-8D11-00A0C91BC942}") = "红黑树", "红黑树\红黑树\红黑树.vcxproj", "{7E977553-4DFA-4BAF-84C3-9B851B05254C}"
EndProject
Global
	GlobalSection(SolutionConfigurationPlatforms) = preSolution
		Debug|x64 = Debug|x64
		Debug|x86 = Debug|x86
		Release|x64 = Release|x64
		Release|x86 = Release|x86
	EndGlobalSection
	GlobalSection(ProjectConfigurationPlatforms) = postSolution
		{1C9FFBB0-D002-44FD-8ACD-93AFBB3B09CD}.Debug|x64.ActiveCfg = Debug|x64
		{1C9FFBB0-D002-44FD-8ACD-93AFBB3B09CD}.Debug|x64.Build.0 = Debug|x64
		{1C9FFBB0-D002-44FD-8ACD-93AFBB3B09CD}.Debug|x86.ActiveCfg = Debug|Win32
		{1C9FFBB0-D002-44FD-8ACD-93AFBB3B09CD}.Debug|x86.Build.0 = Debug|Win32
		{1C9FFBB0-D002-44FD-8ACD-93AFBB3B09CD}.Release|x64.ActiveCfg = Release|x64
		{1C9FFBB0-D002-44FD-8ACD-93AFBB3B09CD}.Release|x64.Build.0 = Release|x64
		{1C9FFBB0-D002-44FD-8ACD-93AFBB3B09CD}.Release|x86.ActiveCfg = Release|Win32
		{1C9FFBB0-D002-44FD-8ACD-93AFBB3B09CD}.Release|x86.Build.0 = Release|Win32
		{D4129FD1-8132-4F8F-A5CE-670F743088D0}.Debug|x64.ActiveCfg = Debug|x64
		{D4129FD1-8132-4F8F-A5CE-670F743088D0}.Debug|x64.Build.0 = Debug|x64
		{D4129FD1-8132-4F8F-A5CE-670F743088D0}.Debug|x86.ActiveCfg = Debug|Win32
		{D4129FD1-8132-4F8F-A5CE-670F743088D0}.Debug|x86.Build.0 = Debug|Win32
		{D4129FD1-8132-4F8F-A5CE-670F743088D0}.Release|x64.ActiveCfg = Release|x64
		{D4129FD1-8132-4F8F-A5CE-670F743088D0}.Release|x64.Build.0 = Release|x64
		{D4129FD1-8132-4F8F-A5CE-670F743088D0}.Release|x86.ActiveCfg = Release|Win32
		{D4129FD1-8132-4F8F-A5CE-670F743088D0}.Release|x86.Build.0 = Release|Win32
		{6AD4D34E-0602-4615-A131-9FAE2AA68F36}.Debug|x64.ActiveCfg = Debug|x64
		{6AD4D34E-0602-4615-A131-9FAE2AA68F36}.Debug|x64.Build.0 = Debug|x64
		{6AD4D34E-0602-4615-A131-9FAE2AA68F36}.Debug|x86.ActiveCfg = Debug|Win32
		{6AD4D34E-0602-4615-A131-9FAE2AA68F36}.Debug|x86.Build.0 = Debug|Win32
		{6AD4D34E-0602-4615-A131-9FAE2AA68F36}.Release|x64.ActiveCfg = Release|x64
		{6AD4D34E-0602-4615-A131-9FAE2AA68F36}.Release|x64.Build.0 = Release|x64
		{6AD4D34E-0602-4615-A131-9FAE2AA68F36}.Release|x86.ActiveCfg = Release|Win32
		{6AD4D34E-0602-4615-A131-9FAE2AA68F36}.Release|x86.Build.0 = Release|Win32
		{7E977553-4DFA-4BAF-84C3-9B851B05254C}.Debug|x64.ActiveCfg = Debug|x64
		{7E977553-4DFA-4BAF-84C3-9B851B05254C}.Debug|x64.Build.0 = Debug|x64
		{7E977553-4DFA-4BAF-84C3-9B851B05254C}.Debug|x86.ActiveCfg = Debug|Win32
		{7E977553-4DFA-4BAF-84C3-9B851B05254C}.Debug|x86.Build.0 = Debug|Win32
		{7E977553-4DFA-4BAF-84C3-9B851B05254C}.Release|x64.ActiveCfg = Release|x64
		{7E977553-4DFA-4BAF-84C3-9B851B05254C}.Release|x64.Build.0 = Release|x64
		{7E977553-4DFA-4BAF-84C3-9B851B05254C}.Release|x86.ActiveCfg = Release|Win32
		{7E977553-4DFA-4BAF-84C3-9B851B05254C}.Release|x86.Build.0 = Release|Win32
	EndGlobalSection
	GlobalSection(SolutionProperties) = preSolution
		HideSolutionNode = FALSE
	EndGlobalSection
	GlobalSection(ExtensibilityGlobals) = postSolution
		SolutionGuid = {17734380-AC6F-4949-AC61-59EB97B98E96}
	EndGlobalSection
EndGlobal
